{
  "name": "asp.net",
  "version": "1.0.0",
  "lockfileVersion": 3,
  "requires": true,
  "packages": {
    "": {
      "name": "asp.net",
      "version": "1.0.0",
      "dependencies": {
        "@kanety/jquery-simple-tree-table": "^0.5.1"
      },
      "devDependencies": {
        "jquery": "3.7.1"
      }
    },
    "node_modules/@kanety/jquery-simple-tree-table": {
      "version": "0.5.1",
      "resolved": "https://registry.npmjs.org/@kanety/jquery-simple-tree-table/-/jquery-simple-tree-table-0.5.1.tgz",
      "integrity": "sha512-kJoGKynSppy5gcUcwH3HT/jsEG80tkcjmn10po1epUlvJoOXA7iUchuscYvlocsLl3ZPHd3vZQw3af172gBUBw==",
      "dependencies": {
        "@kanety/js-store": "^0.1.2",
        "jquery": "^3.3.1"
      }
    },
    "node_modules/@kanety/js-store": {
      "version": "0.1.2",
      "resolved": "https://registry.npmjs.org/@kanety/js-store/-/js-store-0.1.2.tgz",
      "integrity": "sha512-kB38JlVYfNuTbpjec6dDx0IAmLMP6MjYK3senOZUDM18BNZdpx32q2T55feppzx5AqqR5XrH1MItylETcF9GCQ=="
    },
    "node_modules/jquery": {
      "version": "3.7.1",
      "resolved": "https://registry.npmjs.org/jquery/-/jquery-3.7.1.tgz",
      "integrity": "sha512-m4avr8yL8kmFN8psrbFFFmB/If14iN5o9nw/NgnnM+kybDJpRsAynV2BsfpTYrTRysYUdADVD7CkUUizgkpLfg=="
    }
  }
}
